
Microsoft Visual Studio Solution File, Format Version 12.00
# Visual Studio Version 17
VisualStudioVersion = 17.11.35222.181
MinimumVisualStudioVersion = 10.0.40219.1
Project("{8BC9CEB8-8B4A-11D0-8D11-00A0C91BC942}") = "Lab3", "Lab3\Lab3.vcxproj", "{93987308-D28F-4FB8-BEEE-0891C60BC3D5}"
EndProject
Global
	GlobalSection(SolutionConfigurationPlatforms) = preSolution
		Debug|x64 = Debug|x64
		Debug|x86 = Debug|x86
		Release|x64 = Release|x64
		Release|x86 = Release|x86
	EndGlobalSection
	GlobalSection(ProjectConfigurationPlatforms) = postSolution
		{93987308-D28F-4FB8-BEEE-0891C60BC3D5}.Debug|x64.ActiveCfg = Debug|x64
		{93987308-D28F-4FB8-BEEE-0891C60BC3D5}.Debug|x64.Build.0 = Debug|x64
		{93987308-D28F-4FB8-BEEE-0891C60BC3D5}.Debug|x86.ActiveCfg = Debug|Win32
		{93987308-D28F-4FB8-BEEE-0891C60BC3D5}.Debug|x86.Build.0 = Debug|Win32
		{93987308-D28F-4FB8-BEEE-0891C60BC3D5}.Release|x64.ActiveCfg = Release|x64
		{93987308-D28F-4FB8-BEEE-0891C60BC3D5}.Release|x64.Build.0 = Release|x64
		{93987308-D28F-4FB8-BEEE-0891C60BC3D5}.Release|x86.ActiveCfg = Release|Win32
		{93987308-D28F-4FB8-BEEE-0891C60BC3D5}.Release|x86.Build.0 = Release|Win32
	EndGlobalSection
	GlobalSection(SolutionProperties) = preSolution
		HideSolutionNode = FALSE
	EndGlobalSection
	GlobalSection(ExtensibilityGlobals) = postSolution
		SolutionGuid = {DBDBD347-EB1C-45C8-96A2-8B726A2D5B85}
	EndGlobalSection
EndGlobal
